// !$*UTF8*$!
{
	archiveVersion = 1;
	classes = {
	};
	objectVersion = 50;
	objects = {

/* Begin PBXBuildFile section */
		1919A81521DFA14A00311980 /* AppDelegate.m in Sources */ = {isa = PBXBuildFile; fileRef = 1919A81421DFA14A00311980 /* AppDelegate.m */; };
		1919A81821DFA14A00311980 /* ViewController.m in Sources */ = {isa = PBXBuildFile; fileRef = 1919A81721DFA14A00311980 /* ViewController.m */; };
		1919A81B21DFA14A00311980 /* Main.storyboard in Resources */ = {isa = PBXBuildFile; fileRef = 1919A81921DFA14A00311980 /* Main.storyboard */; };
		1919A81D21DFA14B00311980 /* Assets.xcassets in Resources */ = {isa = PBXBuildFile; fileRef = 1919A81C21DFA14B00311980 /* Assets.xcassets */; };
		1919A82021DFA14B00311980 /* LaunchScreen.storyboard in Resources */ = {isa = PBXBuildFile; fileRef = 1919A81E21DFA14B00311980 /* LaunchScreen.storyboard */; };
		1919A82321DFA14B00311980 /* main.m in Sources */ = {isa = PBXBuildFile; fileRef = 1919A82221DFA14B00311980 /* main.m */; };
		EA0B4DC54A38DAA00DD6E16D /* libPods-SearchDemo.a in Frameworks */ = {isa = PBXBuildFile; fileRef = EB266CC1ED80F99A8E371C21 /* libPods-SearchDemo.a */; };
/* End PBXBuildFile section */

/* Begin PBXFileReference section */
		1919A81021DFA14A00311980 /* SearchDemo.app */ = {isa = PBXFileReference; explicitFileType = wrapper.application; includeInIndex = 0; path = SearchDemo.app; sourceTree = BUILT_PRODUCTS_DIR; };
		1919A81321DFA14A00311980 /* AppDelegate.h */ = {isa = PBXFileReference; lastKnownFileType = sourcecode.c.h; path = AppDelegate.h; sourceTree = "<group>"; };
		1919A81421DFA14A00311980 /* AppDelegate.m */ = {isa = PBXFileReference; lastKnownFileType = sourcecode.c.objc; path = AppDelegate.m; sourceTree = "<group>"; };
		1919A81621DFA14A00311980 /* ViewController.h */ = {isa = PBXFileReference; lastKnownFileType = sourcecode.c.h; path = ViewController.h; sourceTree = "<group>"; };
		1919A81721DFA14A00311980 /* ViewController.m */ = {isa = PBXFileReference; lastKnownFileType = sourcecode.c.objc; path = ViewController.m; sourceTree = "<group>"; };
		1919A81A21DFA14A00311980 /* Base */ = {isa = PBXFileReference; lastKnownFileType = file.storyboard; name = Base; path = Base.lproj/Main.storyboard; sourceTree = "<group>"; };
		1919A81C21DFA14B00311980 /* Assets.xcassets */ = {isa = PBXFileReference; lastKnownFileType = folder.assetcatalog; path = Assets.xcassets; sourceTree = "<group>"; };
		1919A81F21DFA14B00311980 /* Base */ = {isa = PBXFileReference; lastKnownFileType = file.storyboard; name = Base; path = Base.lproj/LaunchScreen.storyboard; sourceTree = "<group>"; };
		1919A82121DFA14B00311980 /* Info.plist */ = {isa = PBXFileReference; lastKnownFileType = text.plist.xml; path = Info.plist; sourceTree = "<group>"; };
		1919A82221DFA14B00311980 /* main.m */ = {isa = PBXFileReference; lastKnownFileType = sourcecode.c.objc; path = main.m; sourceTree = "<group>"; };
		C32387F1814A484D113A3DAA /* Pods-SearchDemo.debug.xcconfig */ = {isa = PBXFileReference; includeInIndex = 1; lastKnownFileType = text.xcconfig; name = "Pods-SearchDemo.debug.xcconfig"; path = "Pods/Target Support Files/Pods-SearchDemo/Pods-SearchDemo.debug.xcconfig"; sourceTree = "<group>"; };
		EB266CC1ED80F99A8E371C21 /* libPods-SearchDemo.a */ = {isa = PBXFileReference; explicitFileType = archive.ar; includeInIndex = 0; path = "libPods-SearchDemo.a"; sourceTree = BUILT_PRODUCTS_DIR; };
		FCEBAEDD24BAB78039DF2E40 /* Pods-SearchDemo.release.xcconfig */ = {isa = PBXFileReference; includeInIndex = 1; lastKnownFileType = text.xcconfig; name = "Pods-SearchDemo.release.xcconfig"; path = "Pods/Target Support Files/Pods-SearchDemo/Pods-SearchDemo.release.xcconfig"; sourceTree = "<group>"; };
/* End PBXFileReference section */

/* Begin PBXFrameworksBuildPhase section */
		1919A80D21DFA14A00311980 /* Frameworks */ = {
			isa = PBXFrameworksBuildPhase;
			buildActionMask = 2147483647;
			files = (
				EA0B4DC54A38DAA00DD6E16D /* libPods-SearchDemo.a in Frameworks */,
			);
			runOnlyForDeploymentPostprocessing = 0;
		};
/* End PBXFrameworksBuildPhase section */

/* Begin PBXGroup section */
		1919A80721DFA14A00311980 = {
			isa = PBXGroup;
			children = (
				1919A81221DFA14A00311980 /* SearchDemo */,
				1919A81121DFA14A00311980 /* Products */,
				3C357E8315F923B1266DAAAD /* Pods */,
				6C2CB1156B2C4EDE049D13FF /* Frameworks */,
			);
			sourceTree = "<group>";
		};
		1919A81121DFA14A00311980 /* Products */ = {
			isa = PBXGroup;
			children = (
				1919A81021DFA14A00311980 /* SearchDemo.app */,
			);
			name = Products;
			sourceTree = "<group>";
		};
		1919A81221DFA14A00311980 /* SearchDemo */ = {
			isa = PBXGroup;
			children = (
				1919A81321DFA14A00311980 /* AppDelegate.h */,
				1919A81421DFA14A00311980 /* AppDelegate.m */,
				1919A81621DFA14A00311980 /* ViewController.h */,
				1919A81721DFA14A00311980 /* ViewController.m */,
				1919A81921DFA14A00311980 /* Main.storyboard */,
				1919A81C21DFA14B00311980 /* Assets.xcassets */,
				1919A81E21DFA14B00311980 /* LaunchScreen.storyboard */,
				1919A82121DFA14B00311980 /* Info.plist */,
				1919A82221DFA14B00311980 /* main.m */,
			);
			path = SearchDemo;
			sourceTree = "<group>";
		};
		3C357E8315F923B1266DAAAD /* Pods */ = {
			isa = PBXGroup;
			children = (
				C32387F1814A484D113A3DAA /* Pods-SearchDemo.debug.xcconfig */,
				FCEBAEDD24BAB78039DF2E40 /* Pods-SearchDemo.release.xcconfig */,
			);
			name = Pods;
			sourceTree = "<group>";
		};
		6C2CB1156B2C4EDE049D13FF /* Frameworks */ = {
			isa = PBXGroup;
			children = (
				EB266CC1ED80F99A8E371C21 /* libPods-SearchDemo.a */,
			);
			name = Frameworks;
			sourceTree = "<group>";
		};
/* End PBXGroup section */

/* Begin PBXNativeTarget section */
		1919A80F21DFA14A00311980 /* SearchDemo */ = {
			isa = PBXNativeTarget;
			buildConfigurationList = 1919A82621DFA14B00311980 /* Build configuration list for PBXNativeTarget "SearchDemo" */;
			buildPhases = (
				4B42FCA89795DEF67C9CE89C /* [CP] Check Pods Manifest.lock */,
				1919A80C21DFA14A00311980 /* Sources */,
				1919A80D21DFA14A00311980 /* Frameworks */,
				1919A80E21DFA14A00311980 /* Resources */,
				E79C1ED46681413CDBF27164 /* [CP] Copy Pods Resources */,
			);
			buildRules = (
			);
			dependencies = (
			);
			name = SearchDemo;
			productName = SearchDemo;
			productReference = 1919A81021DFA14A00311980 /* SearchDemo.app */;
			productType = "com.apple.product-type.application";
		};
/* End PBXNativeTarget section */

/* Begin PBXProject section */
		1919A80821DFA14A00311980 /* Project object */ = {
			isa = PBXProject;
			attributes = {
				LastUpgradeCheck = 1010;
				ORGANIZATIONNAME = OnlyStu;
				TargetAttributes = {
					1919A80F21DFA14A00311980 = {
						CreatedOnToolsVersion = 10.1;
					};
				};
			};
			buildConfigurationList = 1919A80B21DFA14A00311980 /* Build configuration list for PBXProject "SearchDemo" */;
			compatibilityVersion = "Xcode 9.3";
			developmentRegion = en;
			hasScannedForEncodings = 0;
			knownRegions = (
				en,
				Base,
			);
			mainGroup = 1919A80721DFA14A00311980;
			productRefGroup = 1919A81121DFA14A00311980 /* Products */;
			projectDirPath = "";
			projectRoot = "";
			targets = (
				1919A80F21DFA14A00311980 /* SearchDemo */,
			);
		};
/* End PBXProject section */

/* Begin PBXResourcesBuildPhase section */
		1919A80E21DFA14A00311980 /* Resources */ = {
			isa = PBXResourcesBuildPhase;
			buildActionMask = 2147483647;
			files = (
				1919A82021DFA14B00311980 /* LaunchScreen.storyboard in Resources */,
				1919A81D21DFA14B00311980 /* Assets.xcassets in Resources */,
				1919A81B21DFA14A00311980 /* Main.storyboard in Resources */,
			);
			runOnlyForDeploymentPostprocessing = 0;
		};
/* End PBXResourcesBuildPhase section */

/* Begin PBXShellScriptBuildPhase section */
		4B42FCA89795DEF67C9CE89C /* [CP] Check Pods Manifest.lock */ = {
			isa = PBXShellScriptBuildPhase;
			buildActionMask = 2147483647;
			files = (
			);
			inputFileListPaths = (
			);
			inputPaths = (
				"${PODS_PODFILE_DIR_PATH}/Podfile.lock",
				"${PODS_ROOT}/Manifest.lock",
			);
			name = "[CP] Check Pods Manifest.lock";
			outputFileListPaths = (
			);
			outputPaths = (
				"$(DERIVED_FILE_DIR)/Pods-SearchDemo-checkManifestLockResult.txt",
			);
			runOnlyForDeploymentPostprocessing = 0;
			shellPath = /bin/sh;
			shellScript = "diff \"${PODS_PODFILE_DIR_PATH}/Podfile.lock\" \"${PODS_ROOT}/Manifest.lock\" > /dev/null\nif [ $? != 0 ] ; then\n    # print error to STDERR\n    echo \"error: The sandbox is not in sync with the Podfile.lock. Run 'pod install' or update your CocoaPods installation.\" >&2\n    exit 1\nfi\n# This output is used by Xcode 'outputs' to avoid re-running this script phase.\necho \"SUCCESS\" > \"${SCRIPT_OUTPUT_FILE_0}\"\n";
			showEnvVarsInLog = 0;
		};
		E79C1ED46681413CDBF27164 /* [CP] Copy Pods Resources */ = {
			isa = PBXShellScriptBuildPhase;
			buildActionMask = 2147483647;
			files = (
			);
			inputFileListPaths = (
			);
			inputPaths = (
				"${SRCROOT}/Pods/Target Support Files/Pods-SearchDemo/Pods-SearchDemo-resources.sh",
				"${PODS_ROOT}/PYSearch/PYSearch/PYSearch.bundle",
			);
			name = "[CP] Copy Pods Resources";
			outputFileListPaths = (
			);
			outputPaths = (
				"${TARGET_BUILD_DIR}/${UNLOCALIZED_RESOURCES_FOLDER_PATH}/PYSearch.bundle",
			);
			runOnlyForDeploymentPostprocessing = 0;
			shellPath = /bin/sh;
			shellScript = "\"${SRCROOT}/Pods/Target Support Files/Pods-SearchDemo/Pods-SearchDemo-resources.sh\"\n";
			showEnvVarsInLog = 0;
		};
/* End PBXShellScriptBuildPhase section */

/* Begin PBXSourcesBuildPhase section */
		1919A80C21DFA14A00311980 /* Sources */ = {
			isa = PBXSourcesBuildPhase;
			buildActionMask = 2147483647;
			files = (
				1919A81821DFA14A00311980 /* ViewController.m in Sources */,
				1919A82321DFA14B00311980 /* main.m in Sources */,
				1919A81521DFA14A00311980 /* AppDelegate.m in Sources */,
			);
			runOnlyForDeploymentPostprocessing = 0;
		};
/* End PBXSourcesBuildPhase section */

/* Begin PBXVariantGroup section */
		1919A81921DFA14A00311980 /* Main.storyboard */ = {
			isa = PBXVariantGroup;
			children = (
				1919A81A21DFA14A00311980 /* Base */,
			);
			name = Main.storyboard;
			sourceTree = "<group>";
		};
		1919A81E21DFA14B00311980 /* LaunchScreen.storyboard */ = {
			isa = PBXVariantGroup;
			children = (
				1919A81F21DFA14B00311980 /* Base */,
			);
			name = LaunchScreen.storyboard;
			sourceTree = "<group>";
		};
/* End PBXVariantGroup section */

/* Begin XCBuildConfiguration section */
		1919A82421DFA14B00311980 /* Debug */ = {
			isa = XCBuildConfiguration;
			buildSettings = {
				ALWAYS_SEARCH_USER_PATHS = NO;
				CLANG_ANALYZER_NONNULL = YES;
				CLANG_ANALYZER_NUMBER_OBJECT_CONVERSION = YES_AGGRESSIVE;
				CLANG_CXX_LANGUAGE_STANDARD = "gnu++14";
				CLANG_CXX_LIBRARY = "libc++";
				CLANG_ENABLE_MODULES = YES;
				CLANG_ENABLE_OBJC_ARC = YES;
				CLANG_ENABLE_OBJC_WEAK = YES;
				CLANG_WARN_BLOCK_CAPTURE_AUTORELEASING = YES;
				CLANG_WARN_BOOL_CONVERSION = YES;
				CLANG_WARN_COMMA = YES;
				CLANG_WARN_CONSTANT_CONVERSION = YES;
				CLANG_WARN_DEPRECATED_OBJC_IMPLEMENTATIONS = YES;
				CLANG_WARN_DIRECT_OBJC_ISA_USAGE = YES_ERROR;
				CLANG_WARN_DOCUMENTATION_COMMENTS = YES;
				CLANG_WARN_EMPTY_BODY = YES;
				CLANG_WARN_ENUM_CONVERSION = YES;
				CLANG_WARN_INFINITE_RECURSION = YES;
				CLANG_WARN_INT_CONVERSION = YES;
				CLANG_WARN_NON_LITERAL_NULL_CONVERSION = YES;
				CLANG_WARN_OBJC_IMPLICIT_RETAIN_SELF = YES;
				CLANG_WARN_OBJC_LITERAL_CONVERSION = YES;
				CLANG_WARN_OBJC_ROOT_CLASS = YES_ERROR;
				CLANG_WARN_RANGE_LOOP_ANALYSIS = YES;
				CLANG_WARN_STRICT_PROTOTYPES = YES;
				CLANG_WARN_SUSPICIOUS_MOVE = YES;
				CLANG_WARN_UNGUARDED_AVAILABILITY = YES_AGGRESSIVE;
				CLANG_WARN_UNREACHABLE_CODE = YES;
				CLANG_WARN__DUPLICATE_METHOD_MATCH = YES;
				CODE_SIGN_IDENTITY = "iPhone Developer";
				COPY_PHASE_STRIP = NO;
				DEBUG_INFORMATION_FORMAT = dwarf;
				ENABLE_STRICT_OBJC_MSGSEND = YES;
				ENABLE_TESTABILITY = YES;
				GCC_C_LANGUAGE_STANDARD = gnu11;
				GCC_DYNAMIC_NO_PIC = NO;
				GCC_NO_COMMON_BLOCKS = YES;
				GCC_OPTIMIZATION_LEVEL = 0;
				GCC_PREPROCESSOR_DEFINITIONS = (
					"DEBUG=1",
					"$(inherited)",
				);
				GCC_WARN_64_TO_32_BIT_CONVERSION = YES;
				GCC_WARN_ABOUT_RETURN_TYPE = YES_ERROR;
				GCC_WARN_UNDECLARED_SELECTOR = YES;
				GCC_WARN_UNINITIALIZED_AUTOS = YES_AGGRESSIVE;
				GCC_WARN_UNUSED_FUNCTION = YES;
				GCC_WARN_UNUSED_VARIABLE = YES;
				IPHONEOS_DEPLOYMENT_TARGET = 12.1;
				MTL_ENABLE_DEBUG_INFO = INCLUDE_SOURCE;
				MTL_FAST_MATH = YES;
				ONLY_ACTIVE_ARCH = YES;
				SDKROOT = iphoneos;
			};
			name = Debug;
		};
		1919A82521DFA14B00311980 /* Release */ = {
			isa = XCBuildConfiguration;
			buildSettings = {
				ALWAYS_SEARCH_USER_PATHS = NO;
				CLANG_ANALYZER_NONNULL = YES;
				CLANG_ANALYZER_NUMBER_OBJECT_CONVERSION = YES_AGGRESSIVE;
				CLANG_CXX_LANGUAGE_STANDARD = "gnu++14";
				CLANG_CXX_LIBRARY = "libc++";
				CLANG_ENABLE_MODULES = YES;
				CLANG_ENABLE_OBJC_ARC = YES;
				CLANG_ENABLE_OBJC_WEAK = YES;
				CLANG_WARN_BLOCK_CAPTURE_AUTORELEASING = YES;
				CLANG_WARN_BOOL_CONVERSION = YES;
				CLANG_WARN_COMMA = YES;
				CLANG_WARN_CONSTANT_CONVERSION = YES;
				CLANG_WARN_DEPRECATED_OBJC_IMPLEMENTATIONS = YES;
				CLANG_WARN_DIRECT_OBJC_ISA_USAGE = YES_ERROR;
				CLANG_WARN_DOCUMENTATION_COMMENTS = YES;
				CLANG_WARN_EMPTY_BODY = YES;
				CLANG_WARN_ENUM_CONVERSION = YES;
				CLANG_WARN_INFINITE_RECURSION = YES;
				CLANG_WARN_INT_CONVERSION = YES;
				CLANG_WARN_NON_LITERAL_NULL_CONVERSION = YES;
				CLANG_WARN_OBJC_IMPLICIT_RETAIN_SELF = YES;
				CLANG_WARN_OBJC_LITERAL_CONVERSION = YES;
				CLANG_WARN_OBJC_ROOT_CLASS = YES_ERROR;
				CLANG_WARN_RANGE_LOOP_ANALYSIS = YES;
				CLANG_WARN_STRICT_PROTOTYPES = YES;
				CLANG_WARN_SUSPICIOUS_MOVE = YES;
				CLANG_WARN_UNGUARDED_AVAILABILITY = YES_AGGRESSIVE;
				CLANG_WARN_UNREACHABLE_CODE = YES;
				CLANG_WARN__DUPLICATE_METHOD_MATCH = YES;
				CODE_SIGN_IDENTITY = "iPhone Developer";
				COPY_PHASE_STRIP = NO;
				DEBUG_INFORMATION_FORMAT = "dwarf-with-dsym";
				ENABLE_NS_ASSERTIONS = NO;
				ENABLE_STRICT_OBJC_MSGSEND = YES;
				GCC_C_LANGUAGE_STANDARD = gnu11;
				GCC_NO_COMMON_BLOCKS = YES;
				GCC_WARN_64_TO_32_BIT_CONVERSION = YES;
				GCC_WARN_ABOUT_RETURN_TYPE = YES_ERROR;
				GCC_WARN_UNDECLARED_SELECTOR = YES;
				GCC_WARN_UNINITIALIZED_AUTOS = YES_AGGRESSIVE;
				GCC_WARN_UNUSED_FUNCTION = YES;
				GCC_WARN_UNUSED_VARIABLE = YES;
				IPHONEOS_DEPLOYMENT_TARGET = 12.1;
				MTL_ENABLE_DEBUG_INFO = NO;
				MTL_FAST_MATH = YES;
				SDKROOT = iphoneos;
				VALIDATE_PRODUCT = YES;
			};
			name = Release;
		};
		1919A82721DFA14B00311980 /* Debug */ = {
			isa = XCBuildConfiguration;
			baseConfigurationReference = C32387F1814A484D113A3DAA /* Pods-SearchDemo.debug.xcconfig */;
			buildSettings = {
				ASSETCATALOG_COMPILER_APPICON_NAME = AppIcon;
				CODE_SIGN_STYLE = Automatic;
				DEVELOPMENT_TEAM = FS95VC7A3Q;
				INFOPLIST_FILE = SearchDemo/Info.plist;
				LD_RUNPATH_SEARCH_PATHS = (
					"$(inherited)",
					"@executable_path/Frameworks",
				);
				PRODUCT_BUNDLE_IDENTIFIER = OnlyStu.SearchDemo;
				PRODUCT_NAME = "$(TARGET_NAME)";
				TARGETED_DEVICE_FAMILY = "1,2";
			};
			name = Debug;
		};
		1919A82821DFA14B00311980 /* Release */ = {
			isa = XCBuildConfiguration;
			baseConfigurationReference = FCEBAEDD24BAB78039DF2E40 /* Pods-SearchDemo.release.xcconfig */;
			buildSettings = {
				ASSETCATALOG_COMPILER_APPICON_NAME = AppIcon;
				CODE_SIGN_STYLE = Automatic;
				DEVELOPMENT_TEAM = FS95VC7A3Q;
				INFOPLIST_FILE = SearchDemo/Info.plist;
				LD_RUNPATH_SEARCH_PATHS = (
					"$(inherited)",
					"@executable_path/Frameworks",
				);
				PRODUCT_BUNDLE_IDENTIFIER = OnlyStu.SearchDemo;
				PRODUCT_NAME = "$(TARGET_NAME)";
				TARGETED_DEVICE_FAMILY = "1,2";
			};
			name = Release;
		};
/* End XCBuildConfiguration section */

/* Begin XCConfigurationList section */
		1919A80B21DFA14A00311980 /* Build configuration list for PBXProject "SearchDemo" */ = {
			isa = XCConfigurationList;
			buildConfigurations = (
				1919A82421DFA14B00311980 /* Debug */,
				1919A82521DFA14B00311980 /* Release */,
			);
			defaultConfigurationIsVisible = 0;
			defaultConfigurationName = Release;
		};
		1919A82621DFA14B00311980 /* Build configuration list for PBXNativeTarget "SearchDemo" */ = {
			isa = XCConfigurationList;
			buildConfigurations = (
				1919A82721DFA14B00311980 /* Debug */,
				1919A82821DFA14B00311980 /* Release */,
			);
			defaultConfigurationIsVisible = 0;
			defaultConfigurationName = Release;
		};
/* End XCConfigurationList section */
	};
	rootObject = 1919A80821DFA14A00311980 /* Project object */;
}
